# THIS IS AN AUTOGENERATED FILE. DO NOT EDIT THIS FILE DIRECTLY.
# yarn lockfile v1


npmrc@^1.1.1:
  version "1.1.1"
  resolved "https://registry.yarnpkg.com/npmrc/-/npmrc-1.1.1.tgz#281ba93ade85c4de2b04611031f2ff2f24e621dd"
  integrity sha512-uBbR8YNnIvKhMCDyz27Ffvnm2bLntMesFcwiz6Yp0DYSQB+JqgM1MocewFwMlItKCex+1ytii/+vmLhigO1qhg==
